# THIS IS AN AUTOGENERATED FILE. DO NOT EDIT THIS FILE DIRECTLY.
# yarn lockfile v1


"@automs/template@^1.0.2":
  version "1.0.2"
  resolved "https://registry.yarnpkg.com/@automs/template/-/template-1.0.2.tgz#4647fc61a724e5266c3f5a6dbde3ce2be33d24fd"
  integrity sha512-yQqNBCF+O8XDpRGNnvIjHlo8apGvivmrdVO+xF2EZ6FpXYJpbEYY7sYTxkdplFq8Bx6k6B5xYgethKQWPNtK1w==
